
Microsoft Visual Studio Solution File, Format Version 12.00
# Visual Studio 14
VisualStudioVersion = 14.0.25420.1
MinimumVisualStudioVersion = 10.0.40219.1
Project("{8BC9CEB8-8B4A-11D0-8D11-00A0C91BC942}") = "华为机试_字符串最后一个单词的长度", "华为机试_字符串最后一个单词的长度\华为机试_字符串最后一个单词的长度.vcxproj", "{FCF6F5B3-B80A-446A-9ACA-5ACCC9CA4C9D}"
EndProject
Project("{8BC9CEB8-8B4A-11D0-8D11-00A0C91BC942}") = "华为机试_字符串排序", "华为机试_字符串排序\华为机试_字符串排序.vcxproj", "{B2D963EF-614F-4661-9977-9FD36C2C4995}"
EndProject
Project("{8BC9CEB8-8B4A-11D0-8D11-00A0C91BC942}") = "华为机试_找出字符串中第一个只出现一次的字符", "华为机试_找出字符串中第一个只出现一次的字符\华为机试_找出字符串中第一个只出现一次的字符.vcxproj", "{9733B4BD-F3C2-4601-880A-FEE079986733}"
EndProject
Project("{8BC9CEB8-8B4A-11D0-8D11-00A0C91BC942}") = "华为机试_查找组成一个偶数最接近的两个素数", "华为机试_查找组成一个偶数最接近的两个素数\华为机试_查找组成一个偶数最接近的两个素数.vcxproj", "{1EF37F6A-8001-4C62-918E-82257AD6994A}"
EndProject
Project("{8BC9CEB8-8B4A-11D0-8D11-00A0C91BC942}") = "华为机试_删除字符串中出现次数最少的字符", "华为机试_删除字符串中出现次数最少的字符\华为机试_删除字符串中出现次数最少的字符.vcxproj", "{CF3A5386-470A-4335-B90C-C42326310C74}"
EndProject
Project("{8BC9CEB8-8B4A-11D0-8D11-00A0C91BC942}") = "华为机试_输入一行字符，分别统计出包含英文字母、空格、数字和其它字符的个数", "华为机试_输入一行字符，分别统计出包含英文字母、空格、数字和其它字符的个数\华为机试_输入一行字符，分别统计出包含英文字母、空格、数字和其它字符的个数.vcxproj", "{F22A7390-359E-4ED9-B57A-54A5B934F658}"
EndProject
Project("{8BC9CEB8-8B4A-11D0-8D11-00A0C91BC942}") = "华为机试_成绩排序", "华为机试_成绩排序\华为机试_成绩排序.vcxproj", "{73673A8F-162C-4A33-8538-9CB73A4A532D}"
EndProject
Project("{8BC9CEB8-8B4A-11D0-8D11-00A0C91BC942}") = "华为机试_自守数", "华为机试_自守数\华为机试_自守数.vcxproj", "{D65E7C75-9BF0-4F02-86C3-EF8C418DC98E}"
EndProject
Project("{8BC9CEB8-8B4A-11D0-8D11-00A0C91BC942}") = "华为机试_字符逆序", "华为机试_字符逆序\华为机试_字符逆序.vcxproj", "{AC5A9669-6D6B-44BD-A84F-61DE50E581CB}"
EndProject
Project("{8BC9CEB8-8B4A-11D0-8D11-00A0C91BC942}") = "华为机试_字符统计", "华为机试_字符统计\华为机试_字符统计.vcxproj", "{80EB4E24-2DBE-4F74-B5AA-E0E1B04FE386}"
EndProject
Project("{8BC9CEB8-8B4A-11D0-8D11-00A0C91BC942}") = "华为机试_输入整型数组和排序标识，对其元素按照升序或降序进行排序", "华为机试_输入整型数组和排序标识，对其元素按照升序或降序进行排序\华为机试_输入整型数组和排序标识，对其元素按照升序或降序进行排序.vcxproj", "{FBA8CDCA-8C9A-4EC3-97B6-8512A1989FC4}"
EndProject
Global
	GlobalSection(SolutionConfigurationPlatforms) = preSolution
		Debug|x64 = Debug|x64
		Debug|x86 = Debug|x86
		Release|x64 = Release|x64
		Release|x86 = Release|x86
	EndGlobalSection
	GlobalSection(ProjectConfigurationPlatforms) = postSolution
		{FCF6F5B3-B80A-446A-9ACA-5ACCC9CA4C9D}.Debug|x64.ActiveCfg = Debug|x64
		{FCF6F5B3-B80A-446A-9ACA-5ACCC9CA4C9D}.Debug|x64.Build.0 = Debug|x64
		{FCF6F5B3-B80A-446A-9ACA-5ACCC9CA4C9D}.Debug|x86.ActiveCfg = Debug|Win32
		{FCF6F5B3-B80A-446A-9ACA-5ACCC9CA4C9D}.Debug|x86.Build.0 = Debug|Win32
		{FCF6F5B3-B80A-446A-9ACA-5ACCC9CA4C9D}.Release|x64.ActiveCfg = Release|x64
		{FCF6F5B3-B80A-446A-9ACA-5ACCC9CA4C9D}.Release|x64.Build.0 = Release|x64
		{FCF6F5B3-B80A-446A-9ACA-5ACCC9CA4C9D}.Release|x86.ActiveCfg = Release|Win32
		{FCF6F5B3-B80A-446A-9ACA-5ACCC9CA4C9D}.Release|x86.Build.0 = Release|Win32
		{B2D963EF-614F-4661-9977-9FD36C2C4995}.Debug|x64.ActiveCfg = Debug|x64
		{B2D963EF-614F-4661-9977-9FD36C2C4995}.Debug|x64.Build.0 = Debug|x64
		{B2D963EF-614F-4661-9977-9FD36C2C4995}.Debug|x86.ActiveCfg = Debug|Win32
		{B2D963EF-614F-4661-9977-9FD36C2C4995}.Debug|x86.Build.0 = Debug|Win32
		{B2D963EF-614F-4661-9977-9FD36C2C4995}.Release|x64.ActiveCfg = Release|x64
		{B2D963EF-614F-4661-9977-9FD36C2C4995}.Release|x64.Build.0 = Release|x64
		{B2D963EF-614F-4661-9977-9FD36C2C4995}.Release|x86.ActiveCfg = Release|Win32
		{B2D963EF-614F-4661-9977-9FD36C2C4995}.Release|x86.Build.0 = Release|Win32
		{9733B4BD-F3C2-4601-880A-FEE079986733}.Debug|x64.ActiveCfg = Debug|x64
		{9733B4BD-F3C2-4601-880A-FEE079986733}.Debug|x64.Build.0 = Debug|x64
		{9733B4BD-F3C2-4601-880A-FEE079986733}.Debug|x86.ActiveCfg = Debug|Win32
		{9733B4BD-F3C2-4601-880A-FEE079986733}.Debug|x86.Build.0 = Debug|Win32
		{9733B4BD-F3C2-4601-880A-FEE079986733}.Release|x64.ActiveCfg = Release|x64
		{9733B4BD-F3C2-4601-880A-FEE079986733}.Release|x64.Build.0 = Release|x64
		{9733B4BD-F3C2-4601-880A-FEE079986733}.Release|x86.ActiveCfg = Release|Win32
		{9733B4BD-F3C2-4601-880A-FEE079986733}.Release|x86.Build.0 = Release|Win32
		{1EF37F6A-8001-4C62-918E-82257AD6994A}.Debug|x64.ActiveCfg = Debug|x64
		{1EF37F6A-8001-4C62-918E-82257AD6994A}.Debug|x64.Build.0 = Debug|x64
		{1EF37F6A-8001-4C62-918E-82257AD6994A}.Debug|x86.ActiveCfg = Debug|Win32
		{1EF37F6A-8001-4C62-918E-82257AD6994A}.Debug|x86.Build.0 = Debug|Win32
		{1EF37F6A-8001-4C62-918E-82257AD6994A}.Release|x64.ActiveCfg = Release|x64
		{1EF37F6A-8001-4C62-918E-82257AD6994A}.Release|x64.Build.0 = Release|x64
		{1EF37F6A-8001-4C62-918E-82257AD6994A}.Release|x86.ActiveCfg = Release|Win32
		{1EF37F6A-8001-4C62-918E-82257AD6994A}.Release|x86.Build.0 = Release|Win32
		{CF3A5386-470A-4335-B90C-C42326310C74}.Debug|x64.ActiveCfg = Debug|x64
		{CF3A5386-470A-4335-B90C-C42326310C74}.Debug|x64.Build.0 = Debug|x64
		{CF3A5386-470A-4335-B90C-C42326310C74}.Debug|x86.ActiveCfg = Debug|Win32
		{CF3A5386-470A-4335-B90C-C42326310C74}.Debug|x86.Build.0 = Debug|Win32
		{CF3A5386-470A-4335-B90C-C42326310C74}.Release|x64.ActiveCfg = Release|x64
		{CF3A5386-470A-4335-B90C-C42326310C74}.Release|x64.Build.0 = Release|x64
		{CF3A5386-470A-4335-B90C-C42326310C74}.Release|x86.ActiveCfg = Release|Win32
		{CF3A5386-470A-4335-B90C-C42326310C74}.Release|x86.Build.0 = Release|Win32
		{F22A7390-359E-4ED9-B57A-54A5B934F658}.Debug|x64.ActiveCfg = Debug|x64
		{F22A7390-359E-4ED9-B57A-54A5B934F658}.Debug|x64.Build.0 = Debug|x64
		{F22A7390-359E-4ED9-B57A-54A5B934F658}.Debug|x86.ActiveCfg = Debug|Win32
		{F22A7390-359E-4ED9-B57A-54A5B934F658}.Debug|x86.Build.0 = Debug|Win32
		{F22A7390-359E-4ED9-B57A-54A5B934F658}.Release|x64.ActiveCfg = Release|x64
		{F22A7390-359E-4ED9-B57A-54A5B934F658}.Release|x64.Build.0 = Release|x64
		{F22A7390-359E-4ED9-B57A-54A5B934F658}.Release|x86.ActiveCfg = Release|Win32
		{F22A7390-359E-4ED9-B57A-54A5B934F658}.Release|x86.Build.0 = Release|Win32
		{73673A8F-162C-4A33-8538-9CB73A4A532D}.Debug|x64.ActiveCfg = Debug|x64
		{73673A8F-162C-4A33-8538-9CB73A4A532D}.Debug|x64.Build.0 = Debug|x64
		{73673A8F-162C-4A33-8538-9CB73A4A532D}.Debug|x86.ActiveCfg = Debug|Win32
		{73673A8F-162C-4A33-8538-9CB73A4A532D}.Debug|x86.Build.0 = Debug|Win32
		{73673A8F-162C-4A33-8538-9CB73A4A532D}.Release|x64.ActiveCfg = Release|x64
		{73673A8F-162C-4A33-8538-9CB73A4A532D}.Release|x64.Build.0 = Release|x64
		{73673A8F-162C-4A33-8538-9CB73A4A532D}.Release|x86.ActiveCfg = Release|Win32
		{73673A8F-162C-4A33-8538-9CB73A4A532D}.Release|x86.Build.0 = Release|Win32
		{D65E7C75-9BF0-4F02-86C3-EF8C418DC98E}.Debug|x64.ActiveCfg = Debug|x64
		{D65E7C75-9BF0-4F02-86C3-EF8C418DC98E}.Debug|x64.Build.0 = Debug|x64
		{D65E7C75-9BF0-4F02-86C3-EF8C418DC98E}.Debug|x86.ActiveCfg = Debug|Win32
		{D65E7C75-9BF0-4F02-86C3-EF8C418DC98E}.Debug|x86.Build.0 = Debug|Win32
		{D65E7C75-9BF0-4F02-86C3-EF8C418DC98E}.Release|x64.ActiveCfg = Release|x64
		{D65E7C75-9BF0-4F02-86C3-EF8C418DC98E}.Release|x64.Build.0 = Release|x64
		{D65E7C75-9BF0-4F02-86C3-EF8C418DC98E}.Release|x86.ActiveCfg = Release|Win32
		{D65E7C75-9BF0-4F02-86C3-EF8C418DC98E}.Release|x86.Build.0 = Release|Win32
		{AC5A9669-6D6B-44BD-A84F-61DE50E581CB}.Debug|x64.ActiveCfg = Debug|x64
		{AC5A9669-6D6B-44BD-A84F-61DE50E581CB}.Debug|x64.Build.0 = Debug|x64
		{AC5A9669-6D6B-44BD-A84F-61DE50E581CB}.Debug|x86.ActiveCfg = Debug|Win32
		{AC5A9669-6D6B-44BD-A84F-61DE50E581CB}.Debug|x86.Build.0 = Debug|Win32
		{AC5A9669-6D6B-44BD-A84F-61DE50E581CB}.Release|x64.ActiveCfg = Release|x64
		{AC5A9669-6D6B-44BD-A84F-61DE50E581CB}.Release|x64.Build.0 = Release|x64
		{AC5A9669-6D6B-44BD-A84F-61DE50E581CB}.Release|x86.ActiveCfg = Release|Win32
		{AC5A9669-6D6B-44BD-A84F-61DE50E581CB}.Release|x86.Build.0 = Release|Win32
		{80EB4E24-2DBE-4F74-B5AA-E0E1B04FE386}.Debug|x64.ActiveCfg = Debug|x64
		{80EB4E24-2DBE-4F74-B5AA-E0E1B04FE386}.Debug|x64.Build.0 = Debug|x64
		{80EB4E24-2DBE-4F74-B5AA-E0E1B04FE386}.Debug|x86.ActiveCfg = Debug|Win32
		{80EB4E24-2DBE-4F74-B5AA-E0E1B04FE386}.Debug|x86.Build.0 = Debug|Win32
		{80EB4E24-2DBE-4F74-B5AA-E0E1B04FE386}.Release|x64.ActiveCfg = Release|x64
		{80EB4E24-2DBE-4F74-B5AA-E0E1B04FE386}.Release|x64.Build.0 = Release|x64
		{80EB4E24-2DBE-4F74-B5AA-E0E1B04FE386}.Release|x86.ActiveCfg = Release|Win32
		{80EB4E24-2DBE-4F74-B5AA-E0E1B04FE386}.Release|x86.Build.0 = Release|Win32
		{FBA8CDCA-8C9A-4EC3-97B6-8512A1989FC4}.Debug|x64.ActiveCfg = Debug|x64
		{FBA8CDCA-8C9A-4EC3-97B6-8512A1989FC4}.Debug|x64.Build.0 = Debug|x64
		{FBA8CDCA-8C9A-4EC3-97B6-8512A1989FC4}.Debug|x86.ActiveCfg = Debug|Win32
		{FBA8CDCA-8C9A-4EC3-97B6-8512A1989FC4}.Debug|x86.Build.0 = Debug|Win32
		{FBA8CDCA-8C9A-4EC3-97B6-8512A1989FC4}.Release|x64.ActiveCfg = Release|x64
		{FBA8CDCA-8C9A-4EC3-97B6-8512A1989FC4}.Release|x64.Build.0 = Release|x64
		{FBA8CDCA-8C9A-4EC3-97B6-8512A1989FC4}.Release|x86.ActiveCfg = Release|Win32
		{FBA8CDCA-8C9A-4EC3-97B6-8512A1989FC4}.Release|x86.Build.0 = Release|Win32
	EndGlobalSection
	GlobalSection(SolutionProperties) = preSolution
		HideSolutionNode = FALSE
	EndGlobalSection
	GlobalSection(ExtensibilityGlobals) = postSolution
		SolutionGuid = {93FF5748-D739-499F-834C-846490DFEA8A}
	EndGlobalSection
EndGlobal
