
Microsoft Visual Studio Solution File, Format Version 12.00
# Visual Studio 14
VisualStudioVersion = 14.0.25420.1
MinimumVisualStudioVersion = 10.0.40219.1
Project("{8BC9CEB8-8B4A-11D0-8D11-00A0C91BC942}") = "华为机试_字符串最后一个单词的长度", "华为机试_字符串最后一个单词的长度\华为机试_字符串最后一个单词的长度.vcxproj", "{FCF6F5B3-B80A-446A-9ACA-5ACCC9CA4C9D}"
EndProject
Project("{8BC9CEB8-8B4A-11D0-8D11-00A0C91BC942}") = "华为机试_字符串排序", "华为机试_字符串排序\华为机试_字符串排序.vcxproj", "{B2D963EF-614F-4661-9977-9FD36C2C4995}"
EndProject
Project("{8BC9CEB8-8B4A-11D0-8D11-00A0C91BC942}") = "华为机试_找出字符串中第一个只出现一次的字符", "华为机试_找出字符串中第一个只出现一次的字符\华为机试_找出字符串中第一个只出现一次的字符.vcxproj", "{9733B4BD-F3C2-4601-880A-FEE079986733}"
EndProject
Project("{8BC9CEB8-8B4A-11D0-8D11-00A0C91BC942}") = "华为机试_查找组成一个偶数最接近的两个素数", "华为机试_查找组成一个偶数最接近的两个素数\华为机试_查找组成一个偶数最接近的两个素数.vcxproj", "{1EF37F6A-8001-4C62-918E-82257AD6994A}"
EndProject
Global
	GlobalSection(SolutionConfigurationPlatforms) = preSolution
		Debug|x64 = Debug|x64
		Debug|x86 = Debug|x86
		Release|x64 = Release|x64
		Release|x86 = Release|x86
	EndGlobalSection
	GlobalSection(ProjectConfigurationPlatforms) = postSolution
		{FCF6F5B3-B80A-446A-9ACA-5ACCC9CA4C9D}.Debug|x64.ActiveCfg = Debug|x64
		{FCF6F5B3-B80A-446A-9ACA-5ACCC9CA4C9D}.Debug|x64.Build.0 = Debug|x64
		{FCF6F5B3-B80A-446A-9ACA-5ACCC9CA4C9D}.Debug|x86.ActiveCfg = Debug|Win32
		{FCF6F5B3-B80A-446A-9ACA-5ACCC9CA4C9D}.Debug|x86.Build.0 = Debug|Win32
		{FCF6F5B3-B80A-446A-9ACA-5ACCC9CA4C9D}.Release|x64.ActiveCfg = Release|x64
		{FCF6F5B3-B80A-446A-9ACA-5ACCC9CA4C9D}.Release|x64.Build.0 = Release|x64
		{FCF6F5B3-B80A-446A-9ACA-5ACCC9CA4C9D}.Release|x86.ActiveCfg = Release|Win32
		{FCF6F5B3-B80A-446A-9ACA-5ACCC9CA4C9D}.Release|x86.Build.0 = Release|Win32
		{B2D963EF-614F-4661-9977-9FD36C2C4995}.Debug|x64.ActiveCfg = Debug|x64
		{B2D963EF-614F-4661-9977-9FD36C2C4995}.Debug|x64.Build.0 = Debug|x64
		{B2D963EF-614F-4661-9977-9FD36C2C4995}.Debug|x86.ActiveCfg = Debug|Win32
		{B2D963EF-614F-4661-9977-9FD36C2C4995}.Debug|x86.Build.0 = Debug|Win32
		{B2D963EF-614F-4661-9977-9FD36C2C4995}.Release|x64.ActiveCfg = Release|x64
		{B2D963EF-614F-4661-9977-9FD36C2C4995}.Release|x64.Build.0 = Release|x64
		{B2D963EF-614F-4661-9977-9FD36C2C4995}.Release|x86.ActiveCfg = Release|Win32
		{B2D963EF-614F-4661-9977-9FD36C2C4995}.Release|x86.Build.0 = Release|Win32
		{9733B4BD-F3C2-4601-880A-FEE079986733}.Debug|x64.ActiveCfg = Debug|x64
		{9733B4BD-F3C2-4601-880A-FEE079986733}.Debug|x64.Build.0 = Debug|x64
		{9733B4BD-F3C2-4601-880A-FEE079986733}.Debug|x86.ActiveCfg = Debug|Win32
		{9733B4BD-F3C2-4601-880A-FEE079986733}.Debug|x86.Build.0 = Debug|Win32
		{9733B4BD-F3C2-4601-880A-FEE079986733}.Release|x64.ActiveCfg = Release|x64
		{9733B4BD-F3C2-4601-880A-FEE079986733}.Release|x64.Build.0 = Release|x64
		{9733B4BD-F3C2-4601-880A-FEE079986733}.Release|x86.ActiveCfg = Release|Win32
		{9733B4BD-F3C2-4601-880A-FEE079986733}.Release|x86.Build.0 = Release|Win32
		{1EF37F6A-8001-4C62-918E-82257AD6994A}.Debug|x64.ActiveCfg = Debug|x64
		{1EF37F6A-8001-4C62-918E-82257AD6994A}.Debug|x64.Build.0 = Debug|x64
		{1EF37F6A-8001-4C62-918E-82257AD6994A}.Debug|x86.ActiveCfg = Debug|Win32
		{1EF37F6A-8001-4C62-918E-82257AD6994A}.Debug|x86.Build.0 = Debug|Win32
		{1EF37F6A-8001-4C62-918E-82257AD6994A}.Release|x64.ActiveCfg = Release|x64
		{1EF37F6A-8001-4C62-918E-82257AD6994A}.Release|x64.Build.0 = Release|x64
		{1EF37F6A-8001-4C62-918E-82257AD6994A}.Release|x86.ActiveCfg = Release|Win32
		{1EF37F6A-8001-4C62-918E-82257AD6994A}.Release|x86.Build.0 = Release|Win32
	EndGlobalSection
	GlobalSection(SolutionProperties) = preSolution
		HideSolutionNode = FALSE
	EndGlobalSection
	GlobalSection(ExtensibilityGlobals) = postSolution
		SolutionGuid = {93FF5748-D739-499F-834C-846490DFEA8A}
	EndGlobalSection
EndGlobal
